# This file is generated by running "yarn install" inside your project.
# Manual changes might be lost - proceed with caution!

__metadata:
  version: 8
  cacheKey: 10c0

"mvt@npm:^5.0.0-beta.1":
  version: 5.0.0-beta.1
  resolution: "mvt@npm:5.0.0-beta.1"
  bin:
    mvt: cli.js
  checksum: 10c0/e41deca4219408f6af1106e65cb8cead061ff45a9382422263de6d232452bf3e8bfd1ea2d5c698d175b9bc484a60272bb23d0803be6f07f494f8636a1295b99a
  languageName: node
  linkType: hard

"pico-ms@workspace:.":
  version: 0.0.0-use.local
  resolution: "pico-ms@workspace:."
  dependencies:
    mvt: "npm:^5.0.0-beta.1"
  languageName: unknown
  linkType: soft
